
Microsoft Visual Studio Solution File, Format Version 12.00
# Visual Studio Version 16
VisualStudioVersion = 16.0.29609.76
MinimumVisualStudioVersion = 10.0.40219.1
Project("{FAE04EC0-301F-11D3-BF4B-00C04F79EFBC}") = "WindowsFormsApp1", "WindowsFormsApp1.csproj", "{050BC865-C397-4F88-B09A-AF1121467BCF}"
EndProject
Global
	GlobalSection(SolutionConfigurationPlatforms) = preSolution
		Debug|Any CPU = Debug|Any CPU
		Release|Any CPU = Release|Any CPU
	EndGlobalSection
	GlobalSection(ProjectConfigurationPlatforms) = postSolution
		{050BC865-C397-4F88-B09A-AF1121467BCF}.Debug|Any CPU.ActiveCfg = Debug|Any CPU
		{050BC865-C397-4F88-B09A-AF1121467BCF}.Debug|Any CPU.Build.0 = Debug|Any CPU
		{050BC865-C397-4F88-B09A-AF1121467BCF}.Release|Any CPU.ActiveCfg = Release|Any CPU
		{050BC865-C397-4F88-B09A-AF1121467BCF}.Release|Any CPU.Build.0 = Release|Any CPU
	EndGlobalSection
	GlobalSection(SolutionProperties) = preSolution
		HideSolutionNode = FALSE
	EndGlobalSection
	GlobalSection(ExtensibilityGlobals) = postSolution
		SolutionGuid = {E19B9234-CEBD-4FCB-96D0-1BE5C0B11B44}
	EndGlobalSection
EndGlobal
