
Microsoft Visual Studio Solution File, Format Version 12.00
# Visual Studio Version 16
VisualStudioVersion = 16.0.29418.71
MinimumVisualStudioVersion = 10.0.40219.1
Project("{FAE04EC0-301F-11D3-BF4B-00C04F79EFBC}") = "Necesarul caloric", "Necesarul caloric\Necesarul caloric.csproj", "{CF01D0CB-7163-4AC3-AACD-B21869416201}"
EndProject
Global
	GlobalSection(SolutionConfigurationPlatforms) = preSolution
		Debug|Any CPU = Debug|Any CPU
		Release|Any CPU = Release|Any CPU
	EndGlobalSection
	GlobalSection(ProjectConfigurationPlatforms) = postSolution
		{CF01D0CB-7163-4AC3-AACD-B21869416201}.Debug|Any CPU.ActiveCfg = Debug|Any CPU
		{CF01D0CB-7163-4AC3-AACD-B21869416201}.Debug|Any CPU.Build.0 = Debug|Any CPU
		{CF01D0CB-7163-4AC3-AACD-B21869416201}.Release|Any CPU.ActiveCfg = Release|Any CPU
		{CF01D0CB-7163-4AC3-AACD-B21869416201}.Release|Any CPU.Build.0 = Release|Any CPU
	EndGlobalSection
	GlobalSection(SolutionProperties) = preSolution
		HideSolutionNode = FALSE
	EndGlobalSection
	GlobalSection(ExtensibilityGlobals) = postSolution
		SolutionGuid = {4CB93744-1260-4CDA-8B3C-ACBCBB315392}
	EndGlobalSection
EndGlobal
